// !$*UTF8*$!
{
	archiveVersion = 1;
	classes = {
	};
	objectVersion = 56;
	objects = {

/* Begin PBXBuildFile section */
		953047F62D9254DC00C1545A /* MoodJournalAppApp.swift in Sources */ = {isa = PBXBuildFile; fileRef = 953047F52D9254DC00C1545A /* MoodJournalAppApp.swift */; };
		953047F82D9254DC00C1545A /* ContentView.swift in Sources */ = {isa = PBXBuildFile; fileRef = 953047F72D9254DC00C1545A /* ContentView.swift */; };
		953047FA2D9254DE00C1545A /* Assets.xcassets in Resources */ = {isa = PBXBuildFile; fileRef = 953047F92D9254DE00C1545A /* Assets.xcassets */; };
		953047FD2D9254DE00C1545A /* Preview Assets.xcassets in Resources */ = {isa = PBXBuildFile; fileRef = 953047FC2D9254DE00C1545A /* Preview Assets.xcassets */; };
		953048042D9255CF00C1545A /* ModEntry.swift in Sources */ = {isa = PBXBuildFile; fileRef = 953048032D9255CF00C1545A /* ModEntry.swift */; };
		953048062D92560E00C1545A /* MoodViewModel.swift in Sources */ = {isa = PBXBuildFile; fileRef = 953048052D92560E00C1545A /* MoodViewModel.swift */; };
		953048082D92567100C1545A /* AddMoodView.swift in Sources */ = {isa = PBXBuildFile; fileRef = 953048072D92567100C1545A /* AddMoodView.swift */; };
		9530480A2D9256A100C1545A /* MoodChartView.swift in Sources */ = {isa = PBXBuildFile; fileRef = 953048092D9256A100C1545A /* MoodChartView.swift */; };
/* End PBXBuildFile section */

/* Begin PBXFileReference section */
		953047F22D9254DC00C1545A /* MoodJournalApp.app */ = {isa = PBXFileReference; explicitFileType = wrapper.application; includeInIndex = 0; path = MoodJournalApp.app; sourceTree = BUILT_PRODUCTS_DIR; };
		953047F52D9254DC00C1545A /* MoodJournalAppApp.swift */ = {isa = PBXFileReference; lastKnownFileType = sourcecode.swift; path = MoodJournalAppApp.swift; sourceTree = "<group>"; };
		953047F72D9254DC00C1545A /* ContentView.swift */ = {isa = PBXFileReference; lastKnownFileType = sourcecode.swift; path = ContentView.swift; sourceTree = "<group>"; };
		953047F92D9254DE00C1545A /* Assets.xcassets */ = {isa = PBXFileReference; lastKnownFileType = folder.assetcatalog; path = Assets.xcassets; sourceTree = "<group>"; };
		953047FC2D9254DE00C1545A /* Preview Assets.xcassets */ = {isa = PBXFileReference; lastKnownFileType = folder.assetcatalog; path = "Preview Assets.xcassets"; sourceTree = "<group>"; };
		953048032D9255CF00C1545A /* ModEntry.swift */ = {isa = PBXFileReference; lastKnownFileType = sourcecode.swift; path = ModEntry.swift; sourceTree = "<group>"; };
		953048052D92560E00C1545A /* MoodViewModel.swift */ = {isa = PBXFileReference; lastKnownFileType = sourcecode.swift; path = MoodViewModel.swift; sourceTree = "<group>"; };
		953048072D92567100C1545A /* AddMoodView.swift */ = {isa = PBXFileReference; lastKnownFileType = sourcecode.swift; path = AddMoodView.swift; sourceTree = "<group>"; };
		953048092D9256A100C1545A /* MoodChartView.swift */ = {isa = PBXFileReference; lastKnownFileType = sourcecode.swift; path = MoodChartView.swift; sourceTree = "<group>"; };
/* End PBXFileReference section */

/* Begin PBXFrameworksBuildPhase section */
		953047EF2D9254DC00C1545A /* Frameworks */ = {
			isa = PBXFrameworksBuildPhase;
			buildActionMask = 2147483647;
			files = (
			);
			runOnlyForDeploymentPostprocessing = 0;
		};
/* End PBXFrameworksBuildPhase section */

/* Begin PBXGroup section */
		953047E92D9254DC00C1545A = {
			isa = PBXGroup;
			children = (
				953047F42D9254DC00C1545A /* MoodJournalApp */,
				953047F32D9254DC00C1545A /* Products */,
			);
			sourceTree = "<group>";
		};
		953047F32D9254DC00C1545A /* Products */ = {
			isa = PBXGroup;
			children = (
				953047F22D9254DC00C1545A /* MoodJournalApp.app */,
			);
			name = Products;
			sourceTree = "<group>";
		};
		953047F42D9254DC00C1545A /* MoodJournalApp */ = {
			isa = PBXGroup;
			children = (
				953047F52D9254DC00C1545A /* MoodJournalAppApp.swift */,
				953047F72D9254DC00C1545A /* ContentView.swift */,
				953047F92D9254DE00C1545A /* Assets.xcassets */,
				953047FB2D9254DE00C1545A /* Preview Content */,
				953048032D9255CF00C1545A /* ModEntry.swift */,
				953048052D92560E00C1545A /* MoodViewModel.swift */,
				953048072D92567100C1545A /* AddMoodView.swift */,
				953048092D9256A100C1545A /* MoodChartView.swift */,
			);
			path = MoodJournalApp;
			sourceTree = "<group>";
		};
		953047FB2D9254DE00C1545A /* Preview Content */ = {
			isa = PBXGroup;
			children = (
				953047FC2D9254DE00C1545A /* Preview Assets.xcassets */,
			);
			path = "Preview Content";
			sourceTree = "<group>";
		};
/* End PBXGroup section */

/* Begin PBXNativeTarget section */
		953047F12D9254DC00C1545A /* MoodJournalApp */ = {
			isa = PBXNativeTarget;
			buildConfigurationList = 953048002D9254DE00C1545A /* Build configuration list for PBXNativeTarget "MoodJournalApp" */;
			buildPhases = (
				953047EE2D9254DC00C1545A /* Sources */,
				953047EF2D9254DC00C1545A /* Frameworks */,
				953047F02D9254DC00C1545A /* Resources */,
			);
			buildRules = (
			);
			dependencies = (
			);
			name = MoodJournalApp;
			productName = MoodJournalApp;
			productReference = 953047F22D9254DC00C1545A /* MoodJournalApp.app */;
			productType = "com.apple.product-type.application";
		};
/* End PBXNativeTarget section */

/* Begin PBXProject section */
		953047EA2D9254DC00C1545A /* Project object */ = {
			isa = PBXProject;
			attributes = {
				BuildIndependentTargetsInParallel = 1;
				LastSwiftUpdateCheck = 1420;
				LastUpgradeCheck = 1420;
				TargetAttributes = {
					953047F12D9254DC00C1545A = {
						CreatedOnToolsVersion = 14.2;
					};
				};
			};
			buildConfigurationList = 953047ED2D9254DC00C1545A /* Build configuration list for PBXProject "MoodJournalApp" */;
			compatibilityVersion = "Xcode 14.0";
			developmentRegion = en;
			hasScannedForEncodings = 0;
			knownRegions = (
				en,
				Base,
			);
			mainGroup = 953047E92D9254DC00C1545A;
			productRefGroup = 953047F32D9254DC00C1545A /* Products */;
			projectDirPath = "";
			projectRoot = "";
			targets = (
				953047F12D9254DC00C1545A /* MoodJournalApp */,
			);
		};
/* End PBXProject section */

/* Begin PBXResourcesBuildPhase section */
		953047F02D9254DC00C1545A /* Resources */ = {
			isa = PBXResourcesBuildPhase;
			buildActionMask = 2147483647;
			files = (
				953047FD2D9254DE00C1545A /* Preview Assets.xcassets in Resources */,
				953047FA2D9254DE00C1545A /* Assets.xcassets in Resources */,
			);
			runOnlyForDeploymentPostprocessing = 0;
		};
/* End PBXResourcesBuildPhase section */

/* Begin PBXSourcesBuildPhase section */
		953047EE2D9254DC00C1545A /* Sources */ = {
			isa = PBXSourcesBuildPhase;
			buildActionMask = 2147483647;
			files = (
				9530480A2D9256A100C1545A /* MoodChartView.swift in Sources */,
				953048082D92567100C1545A /* AddMoodView.swift in Sources */,
				953048042D9255CF00C1545A /* ModEntry.swift in Sources */,
				953048062D92560E00C1545A /* MoodViewModel.swift in Sources */,
				953047F82D9254DC00C1545A /* ContentView.swift in Sources */,
				953047F62D9254DC00C1545A /* MoodJournalAppApp.swift in Sources */,
			);
			runOnlyForDeploymentPostprocessing = 0;
		};
/* End PBXSourcesBuildPhase section */

/* Begin XCBuildConfiguration section */
		953047FE2D9254DE00C1545A /* Debug */ = {
			isa = XCBuildConfiguration;
			buildSettings = {
				ALWAYS_SEARCH_USER_PATHS = NO;
				CLANG_ANALYZER_NONNULL = YES;
				CLANG_ANALYZER_NUMBER_OBJECT_CONVERSION = YES_AGGRESSIVE;
				CLANG_CXX_LANGUAGE_STANDARD = "gnu++20";
				CLANG_ENABLE_MODULES = YES;
				CLANG_ENABLE_OBJC_ARC = YES;
				CLANG_ENABLE_OBJC_WEAK = YES;
				CLANG_WARN_BLOCK_CAPTURE_AUTORELEASING = YES;
				CLANG_WARN_BOOL_CONVERSION = YES;
				CLANG_WARN_COMMA = YES;
				CLANG_WARN_CONSTANT_CONVERSION = YES;
				CLANG_WARN_DEPRECATED_OBJC_IMPLEMENTATIONS = YES;
				CLANG_WARN_DIRECT_OBJC_ISA_USAGE = YES_ERROR;
				CLANG_WARN_DOCUMENTATION_COMMENTS = YES;
				CLANG_WARN_EMPTY_BODY = YES;
				CLANG_WARN_ENUM_CONVERSION = YES;
				CLANG_WARN_INFINITE_RECURSION = YES;
				CLANG_WARN_INT_CONVERSION = YES;
				CLANG_WARN_NON_LITERAL_NULL_CONVERSION = YES;
				CLANG_WARN_OBJC_IMPLICIT_RETAIN_SELF = YES;
				CLANG_WARN_OBJC_LITERAL_CONVERSION = YES;
				CLANG_WARN_OBJC_ROOT_CLASS = YES_ERROR;
				CLANG_WARN_QUOTED_INCLUDE_IN_FRAMEWORK_HEADER = YES;
				CLANG_WARN_RANGE_LOOP_ANALYSIS = YES;
				CLANG_WARN_STRICT_PROTOTYPES = YES;
				CLANG_WARN_SUSPICIOUS_MOVE = YES;
				CLANG_WARN_UNGUARDED_AVAILABILITY = YES_AGGRESSIVE;
				CLANG_WARN_UNREACHABLE_CODE = YES;
				CLANG_WARN__DUPLICATE_METHOD_MATCH = YES;
				COPY_PHASE_STRIP = NO;
				DEBUG_INFORMATION_FORMAT = dwarf;
				ENABLE_STRICT_OBJC_MSGSEND = YES;
				ENABLE_TESTABILITY = YES;
				GCC_C_LANGUAGE_STANDARD = gnu11;
				GCC_DYNAMIC_NO_PIC = NO;
				GCC_NO_COMMON_BLOCKS = YES;
				GCC_OPTIMIZATION_LEVEL = 0;
				GCC_PREPROCESSOR_DEFINITIONS = (
					"DEBUG=1",
					"$(inherited)",
				);
				GCC_WARN_64_TO_32_BIT_CONVERSION = YES;
				GCC_WARN_ABOUT_RETURN_TYPE = YES_ERROR;
				GCC_WARN_UNDECLARED_SELECTOR = YES;
				GCC_WARN_UNINITIALIZED_AUTOS = YES_AGGRESSIVE;
				GCC_WARN_UNUSED_FUNCTION = YES;
				GCC_WARN_UNUSED_VARIABLE = YES;
				IPHONEOS_DEPLOYMENT_TARGET = 16.2;
				MTL_ENABLE_DEBUG_INFO = INCLUDE_SOURCE;
				MTL_FAST_MATH = YES;
				ONLY_ACTIVE_ARCH = YES;
				SDKROOT = iphoneos;
				SWIFT_ACTIVE_COMPILATION_CONDITIONS = DEBUG;
				SWIFT_OPTIMIZATION_LEVEL = "-Onone";
			};
			name = Debug;
		};
		953047FF2D9254DE00C1545A /* Release */ = {
			isa = XCBuildConfiguration;
			buildSettings = {
				ALWAYS_SEARCH_USER_PATHS = NO;
				CLANG_ANALYZER_NONNULL = YES;
				CLANG_ANALYZER_NUMBER_OBJECT_CONVERSION = YES_AGGRESSIVE;
				CLANG_CXX_LANGUAGE_STANDARD = "gnu++20";
				CLANG_ENABLE_MODULES = YES;
				CLANG_ENABLE_OBJC_ARC = YES;
				CLANG_ENABLE_OBJC_WEAK = YES;
				CLANG_WARN_BLOCK_CAPTURE_AUTORELEASING = YES;
				CLANG_WARN_BOOL_CONVERSION = YES;
				CLANG_WARN_COMMA = YES;
				CLANG_WARN_CONSTANT_CONVERSION = YES;
				CLANG_WARN_DEPRECATED_OBJC_IMPLEMENTATIONS = YES;
				CLANG_WARN_DIRECT_OBJC_ISA_USAGE = YES_ERROR;
				CLANG_WARN_DOCUMENTATION_COMMENTS = YES;
				CLANG_WARN_EMPTY_BODY = YES;
				CLANG_WARN_ENUM_CONVERSION = YES;
				CLANG_WARN_INFINITE_RECURSION = YES;
				CLANG_WARN_INT_CONVERSION = YES;
				CLANG_WARN_NON_LITERAL_NULL_CONVERSION = YES;
				CLANG_WARN_OBJC_IMPLICIT_RETAIN_SELF = YES;
				CLANG_WARN_OBJC_LITERAL_CONVERSION = YES;
				CLANG_WARN_OBJC_ROOT_CLASS = YES_ERROR;
				CLANG_WARN_QUOTED_INCLUDE_IN_FRAMEWORK_HEADER = YES;
				CLANG_WARN_RANGE_LOOP_ANALYSIS = YES;
				CLANG_WARN_STRICT_PROTOTYPES = YES;
				CLANG_WARN_SUSPICIOUS_MOVE = YES;
				CLANG_WARN_UNGUARDED_AVAILABILITY = YES_AGGRESSIVE;
				CLANG_WARN_UNREACHABLE_CODE = YES;
				CLANG_WARN__DUPLICATE_METHOD_MATCH = YES;
				COPY_PHASE_STRIP = NO;
				DEBUG_INFORMATION_FORMAT = "dwarf-with-dsym";
				ENABLE_NS_ASSERTIONS = NO;
				ENABLE_STRICT_OBJC_MSGSEND = YES;
				GCC_C_LANGUAGE_STANDARD = gnu11;
				GCC_NO_COMMON_BLOCKS = YES;
				GCC_WARN_64_TO_32_BIT_CONVERSION = YES;
				GCC_WARN_ABOUT_RETURN_TYPE = YES_ERROR;
				GCC_WARN_UNDECLARED_SELECTOR = YES;
				GCC_WARN_UNINITIALIZED_AUTOS = YES_AGGRESSIVE;
				GCC_WARN_UNUSED_FUNCTION = YES;
				GCC_WARN_UNUSED_VARIABLE = YES;
				IPHONEOS_DEPLOYMENT_TARGET = 16.2;
				MTL_ENABLE_DEBUG_INFO = NO;
				MTL_FAST_MATH = YES;
				SDKROOT = iphoneos;
				SWIFT_COMPILATION_MODE = wholemodule;
				SWIFT_OPTIMIZATION_LEVEL = "-O";
				VALIDATE_PRODUCT = YES;
			};
			name = Release;
		};
		953048012D9254DE00C1545A /* Debug */ = {
			isa = XCBuildConfiguration;
			buildSettings = {
				ASSETCATALOG_COMPILER_APPICON_NAME = AppIcon;
				ASSETCATALOG_COMPILER_GLOBAL_ACCENT_COLOR_NAME = AccentColor;
				CODE_SIGN_STYLE = Automatic;
				CURRENT_PROJECT_VERSION = 1;
				DEVELOPMENT_ASSET_PATHS = "\"MoodJournalApp/Preview Content\"";
				ENABLE_PREVIEWS = YES;
				GENERATE_INFOPLIST_FILE = YES;
				INFOPLIST_KEY_UIApplicationSceneManifest_Generation = YES;
				INFOPLIST_KEY_UIApplicationSupportsIndirectInputEvents = YES;
				INFOPLIST_KEY_UILaunchScreen_Generation = YES;
				INFOPLIST_KEY_UISupportedInterfaceOrientations_iPad = "UIInterfaceOrientationPortrait UIInterfaceOrientationPortraitUpsideDown UIInterfaceOrientationLandscapeLeft UIInterfaceOrientationLandscapeRight";
				INFOPLIST_KEY_UISupportedInterfaceOrientations_iPhone = "UIInterfaceOrientationPortrait UIInterfaceOrientationLandscapeLeft UIInterfaceOrientationLandscapeRight";
				LD_RUNPATH_SEARCH_PATHS = (
					"$(inherited)",
					"@executable_path/Frameworks",
				);
				MARKETING_VERSION = 1.0;
				PRODUCT_BUNDLE_IDENTIFIER = xyz.MoodJournalApp;
				PRODUCT_NAME = "$(TARGET_NAME)";
				SWIFT_EMIT_LOC_STRINGS = YES;
				SWIFT_VERSION = 5.0;
				TARGETED_DEVICE_FAMILY = "1,2";
			};
			name = Debug;
		};
		953048022D9254DE00C1545A /* Release */ = {
			isa = XCBuildConfiguration;
			buildSettings = {
				ASSETCATALOG_COMPILER_APPICON_NAME = AppIcon;
				ASSETCATALOG_COMPILER_GLOBAL_ACCENT_COLOR_NAME = AccentColor;
				CODE_SIGN_STYLE = Automatic;
				CURRENT_PROJECT_VERSION = 1;
				DEVELOPMENT_ASSET_PATHS = "\"MoodJournalApp/Preview Content\"";
				ENABLE_PREVIEWS = YES;
				GENERATE_INFOPLIST_FILE = YES;
				INFOPLIST_KEY_UIApplicationSceneManifest_Generation = YES;
				INFOPLIST_KEY_UIApplicationSupportsIndirectInputEvents = YES;
				INFOPLIST_KEY_UILaunchScreen_Generation = YES;
				INFOPLIST_KEY_UISupportedInterfaceOrientations_iPad = "UIInterfaceOrientationPortrait UIInterfaceOrientationPortraitUpsideDown UIInterfaceOrientationLandscapeLeft UIInterfaceOrientationLandscapeRight";
				INFOPLIST_KEY_UISupportedInterfaceOrientations_iPhone = "UIInterfaceOrientationPortrait UIInterfaceOrientationLandscapeLeft UIInterfaceOrientationLandscapeRight";
				LD_RUNPATH_SEARCH_PATHS = (
					"$(inherited)",
					"@executable_path/Frameworks",
				);
				MARKETING_VERSION = 1.0;
				PRODUCT_BUNDLE_IDENTIFIER = xyz.MoodJournalApp;
				PRODUCT_NAME = "$(TARGET_NAME)";
				SWIFT_EMIT_LOC_STRINGS = YES;
				SWIFT_VERSION = 5.0;
				TARGETED_DEVICE_FAMILY = "1,2";
			};
			name = Release;
		};
/* End XCBuildConfiguration section */

/* Begin XCConfigurationList section */
		953047ED2D9254DC00C1545A /* Build configuration list for PBXProject "MoodJournalApp" */ = {
			isa = XCConfigurationList;
			buildConfigurations = (
				953047FE2D9254DE00C1545A /* Debug */,
				953047FF2D9254DE00C1545A /* Release */,
			);
			defaultConfigurationIsVisible = 0;
			defaultConfigurationName = Release;
		};
		953048002D9254DE00C1545A /* Build configuration list for PBXNativeTarget "MoodJournalApp" */ = {
			isa = XCConfigurationList;
			buildConfigurations = (
				953048012D9254DE00C1545A /* Debug */,
				953048022D9254DE00C1545A /* Release */,
			);
			defaultConfigurationIsVisible = 0;
			defaultConfigurationName = Release;
		};
/* End XCConfigurationList section */
	};
	rootObject = 953047EA2D9254DC00C1545A /* Project object */;
}
